
Microsoft Visual Studio Solution File, Format Version 12.00
# Visual Studio Version 17
VisualStudioVersion = 17.3.32825.248
MinimumVisualStudioVersion = 10.0.40219.1
Project("{FAE04EC0-301F-11D3-BF4B-00C04F79EFBC}") = "Ironwall.Libraries.Enums", "Ironwall.Libraries.Enums\Ironwall.Libraries.Enums.csproj", "{848AE203-D3B4-4E73-8EF0-1A18D88A040C}"
EndProject
Project("{FAE04EC0-301F-11D3-BF4B-00C04F79EFBC}") = "Ironwall.Libraries.Utils", "Ironwall.Libraries.Utils\Ironwall.Libraries.Utils.csproj", "{14220279-9B26-4383-BF1E-A0DA31726758}"
EndProject
Project("{FAE04EC0-301F-11D3-BF4B-00C04F79EFBC}") = "Ironwall.Libraries.WatchDog", "Ironwall.Libraries.WatchDog\Ironwall.Libraries.WatchDog\Ironwall.Libraries.WatchDog.csproj", "{F47F05B0-98D9-408C-8F6B-195C036670E9}"
EndProject
Project("{FAE04EC0-301F-11D3-BF4B-00C04F79EFBC}") = "Ironwall.Libraries.VlcRTSP", "Ironwall.Libraries.VlcRTSP\Ironwall.Libraries.VlcRTSP.csproj", "{6D3566F5-FD4F-46ED-9364-0ECA1433B202}"
EndProject
Project("{FAE04EC0-301F-11D3-BF4B-00C04F79EFBC}") = "Ironwall.Libraries.Cameras", "Ironwall.Libraries.Cameras\Ironwall.Libraries.Cameras.csproj", "{EA0E65F1-7599-46A2-A0EA-7B25865CD810}"
EndProject
Project("{FAE04EC0-301F-11D3-BF4B-00C04F79EFBC}") = "Ironwall.Libraries.Account.Client", "Ironwall.Libraries.Account.Client\Ironwall.Libraries.Account.Client.csproj", "{240A11B9-761C-4693-9331-67868C4730B8}"
EndProject
Project("{FAE04EC0-301F-11D3-BF4B-00C04F79EFBC}") = "Ironwall.Libraries.Account.Common", "Ironwall.Libraries.Account.Common\Ironwall.Libraries.Account.Common.csproj", "{B3EB5954-521C-4482-91A2-49604E7AD060}"
EndProject
Project("{FAE04EC0-301F-11D3-BF4B-00C04F79EFBC}") = "Ironwall.Libraries.Account.Server", "Ironwall.Libraries.Account.Server\Ironwall.Libraries.Account.Server.csproj", "{0711A9F3-3D23-4674-9408-3219DD781F55}"
EndProject
Project("{FAE04EC0-301F-11D3-BF4B-00C04F79EFBC}") = "Ironwall.Libraries.Client", "Ironwall.Libraries.Client\Ironwall.Libraries.Client.csproj", "{2C610548-379E-4BC9-B24B-9B05A8C8453C}"
EndProject
Project("{FAE04EC0-301F-11D3-BF4B-00C04F79EFBC}") = "Ironwall.Libraries.Common", "Ironwall.Libraries.Common\Ironwall.Libraries.Common.csproj", "{93E4883C-0365-485F-A9B9-C04E204AEC65}"
EndProject
Project("{FAE04EC0-301F-11D3-BF4B-00C04F79EFBC}") = "Ironwall.Libraries.Onvif", "Ironwall.Libraries.Onvif\Ironwall.Libraries.Onvif.csproj", "{79ED78DB-54EE-4645-BBD0-B47F484EA09F}"
EndProject
Project("{FAE04EC0-301F-11D3-BF4B-00C04F79EFBC}") = "Ironwall.Libraries.Server", "Ironwall.Libraries.Server\Ironwall.Libraries.Server.csproj", "{E2125239-EEAF-4171-B20B-C3E192422C85}"
EndProject
Project("{FAE04EC0-301F-11D3-BF4B-00C04F79EFBC}") = "Ironwall.Libraries.Tcp.Client", "Ironwall.Libraries.Tcp.Client\Ironwall.Libraries.Tcp.Client.csproj", "{837860AB-28AA-4D99-8679-37129757D049}"
EndProject
Project("{FAE04EC0-301F-11D3-BF4B-00C04F79EFBC}") = "Ironwall.Libraries.Tcp.Common", "Ironwall.Libraries.Tcp.Common\Ironwall.Libraries.Tcp.Common.csproj", "{5C2E0347-DCB2-4B47-B2E0-4CD3E1C7537D}"
EndProject
Project("{FAE04EC0-301F-11D3-BF4B-00C04F79EFBC}") = "Ironwall.Libraries.Tcp.Server", "Ironwall.Libraries.Tcp.Server\Ironwall.Libraries.Tcp.Server.csproj", "{7997FC7F-00B2-4043-BB70-1542D8FA9466}"
EndProject
Project("{FAE04EC0-301F-11D3-BF4B-00C04F79EFBC}") = "Ironwall.Libraries.Events", "Ironwall.Libraries.Events\Ironwall.Libraries.Events.csproj", "{EE863CA0-F533-4B4A-8AB4-D9CB6FA059D9}"
EndProject
Project("{FAE04EC0-301F-11D3-BF4B-00C04F79EFBC}") = "Ironwall.Libraries.Devices", "Ironwall.Libraries.Devices\Ironwall.Libraries.Devices.csproj", "{AF906809-40D8-4E3C-822F-2AD5989F4AE6}"
EndProject
Project("{2150E333-8FDC-42A3-9474-1A3956D46DE8}") = "00.Framework", "00.Framework", "{AFB6BB16-F9B8-4121-A436-2797E7F8E193}"
EndProject
Project("{2150E333-8FDC-42A3-9474-1A3956D46DE8}") = "02.Accounts", "02.Accounts", "{B69FF0BB-5FAF-4C99-9D7F-4F64A6572642}"
EndProject
Project("{2150E333-8FDC-42A3-9474-1A3956D46DE8}") = "03.Devices", "03.Devices", "{F9AECF9C-3FEE-465A-8486-54CF47033E7E}"
EndProject
Project("{2150E333-8FDC-42A3-9474-1A3956D46DE8}") = "04.Events", "04.Events", "{F7FCABD2-64AF-46CD-B802-1E5C87DE3C5E}"
EndProject
Project("{2150E333-8FDC-42A3-9474-1A3956D46DE8}") = "05.Services", "05.Services", "{1C598249-96FA-40DB-8C5B-DDDFF18B690B}"
EndProject
Project("{2150E333-8FDC-42A3-9474-1A3956D46DE8}") = "08.Videos", "08.Videos", "{2354A9AC-8990-40EE-B361-70314A5A7F7B}"
EndProject
Project("{2150E333-8FDC-42A3-9474-1A3956D46DE8}") = "06.Tcps", "06.Tcps", "{B70D98A9-8962-4D2E-A953-E0F553BF47EE}"
EndProject
Project("{2150E333-8FDC-42A3-9474-1A3956D46DE8}") = "10.Utils", "10.Utils", "{80CA0906-3B22-46EF-8F28-511FC0F33042}"
EndProject
Project("{2150E333-8FDC-42A3-9474-1A3956D46DE8}") = "09.Maps", "09.Maps", "{C423565D-0006-4039-9A5F-42B2D5CBD2B7}"
EndProject
Project("{FAE04EC0-301F-11D3-BF4B-00C04F79EFBC}") = "Ironwall.Libraries.Map.Common", "Ironwall.Libraries.Map.Common\Ironwall.Libraries.Map.Common.csproj", "{F02F8DFD-C744-4C57-BF1B-FEEC7B4C8418}"
EndProject
Project("{FAE04EC0-301F-11D3-BF4B-00C04F79EFBC}") = "Ironwall.Libraries.Event.UI", "Ironwall.Libraries.Event.UI\Ironwall.Libraries.Event.UI.csproj", "{E14BC097-BEC3-4799-A037-52B0DF857EE5}"
EndProject
Project("{2150E333-8FDC-42A3-9474-1A3956D46DE8}") = "01.Modules", "01.Modules", "{204486EF-1A8C-41B9-A44E-204ABA2C52D4}"
EndProject
Project("{FAE04EC0-301F-11D3-BF4B-00C04F79EFBC}") = "Ironwall.Libraries.Redis", "Ironwall.Libraries.Redis\Ironwall.Libraries.Redis.csproj", "{1E1B5ED3-C08E-4C08-B7EC-E96693656EF5}"
EndProject
Project("{FAE04EC0-301F-11D3-BF4B-00C04F79EFBC}") = "Ironwall.Libraries.Device.UI", "Ironwall.Libraries.Device.UI\Ironwall.Libraries.Device.UI.csproj", "{011E7E98-189A-4152-84B1-8A07B40F39F1}"
EndProject
Project("{FAE04EC0-301F-11D3-BF4B-00C04F79EFBC}") = "Ironwall.Libraries.Tcp.Packets", "Ironwall.Libraries.Tcp.Packets\Ironwall.Libraries.Tcp.Packets.csproj", "{33C63F02-9BD8-4CC3-BE07-E398247CF214}"
EndProject
Project("{FAE04EC0-301F-11D3-BF4B-00C04F79EFBC}") = "Ironwall.Libraries.Map.UI", "Ironwall.Libraries.Map.UI\Ironwall.Libraries.Map.UI.csproj", "{BE10ED49-5DCA-49F3-B251-B6D2651C2FA4}"
EndProject
Project("{FAE04EC0-301F-11D3-BF4B-00C04F79EFBC}") = "Wpf.Libraries.AdornerDecorator", "Wpf.Libraries.AdornerDecorator\Wpf.Libraries.AdornerDecorator.csproj", "{433735EC-A957-4465-BE8F-283565A5EF98}"
EndProject
Project("{FAE04EC0-301F-11D3-BF4B-00C04F79EFBC}") = "Ironwall.Libraries.OpenCvRtsp.UI", "Ironwall.Libraries.OpenCvRtsp.UI\Ironwall.Libraries.OpenCvRtsp.UI.csproj", "{1BCD3EC6-5BC0-408F-83B7-3009208F2DBC}"
EndProject
Project("{FAE04EC0-301F-11D3-BF4B-00C04F79EFBC}") = "Ironwall.Libraries.WatchDog.UI", "Ironwall.Libraries.WatchDog.UI\Ironwall.Libraries.WatchDog.UI.csproj", "{5F1639D0-BB9E-4BA0-9AFB-7C30E5B1E634}"
EndProject
Project("{FAE04EC0-301F-11D3-BF4B-00C04F79EFBC}") = "Ironwall.Libraries.CameraOnvif", "Ironwall.Libraries.CameraOnvif\Ironwall.Libraries.CameraOnvif.csproj", "{3092E805-EA80-4A4E-A27E-83C29F62D71F}"
EndProject
Project("{FAE04EC0-301F-11D3-BF4B-00C04F79EFBC}") = "ZoomAndPan", "ZoomAndPan\ZoomAndPan.csproj", "{468ADEDE-6F5E-40C0-99C9-C6DAC4FAC934}"
EndProject
Project("{FAE04EC0-301F-11D3-BF4B-00C04F79EFBC}") = "Ironwall.Libraries.LibVlcRtsp.UI", "Ironwall.Libraries.LibVlcRtsp.UI\Ironwall.Libraries.LibVlcRtsp.UI.csproj", "{8512A231-8271-497E-9311-18F39F470A63}"
EndProject
Project("{2150E333-8FDC-42A3-9474-1A3956D46DE8}") = "12.3rdParty", "12.3rdParty", "{10D6373C-7C50-4E96-8F9C-B3E514B54217}"
EndProject
Project("{FAE04EC0-301F-11D3-BF4B-00C04F79EFBC}") = "Wpf.AxisAudio.Client.UI", "Wpf.AxisAudio.Client.UI\Wpf.AxisAudio.Client.UI.csproj", "{FF44365E-2CD4-4982-B517-DA7A9393D099}"
EndProject
Project("{FAE04EC0-301F-11D3-BF4B-00C04F79EFBC}") = "Wpf.AxisAudio.Common", "Wpf.AxisAudio.Common\Wpf.AxisAudio.Common.csproj", "{E5D9319F-3D45-4A15-A4C1-2104ACCC8C56}"
EndProject
Project("{2150E333-8FDC-42A3-9474-1A3956D46DE8}") = "01.AxisAudio", "01.AxisAudio", "{A7E9739D-0CFC-4791-821B-39DDC5B3C77B}"
EndProject
Project("{2150E333-8FDC-42A3-9474-1A3956D46DE8}") = "02.SurvVMS", "02.SurvVMS", "{23386CBC-413E-4B1C-A110-D7D3046074E9}"
EndProject
Project("{FAE04EC0-301F-11D3-BF4B-00C04F79EFBC}") = "Wpf.Surv.Sdk", "Wpf.Surv.Sdk\Wpf.Surv.Sdk.csproj", "{B7E30484-7E07-45AA-AAA0-DE0F85C4EC1C}"
EndProject
Project("{FAE04EC0-301F-11D3-BF4B-00C04F79EFBC}") = "Wpf.Libraries.Surv.UI", "Wpf.Libraries.Surv.UI\Wpf.Libraries.Surv.UI.csproj", "{43E69E27-9D9F-4EAF-AAFB-03BECF14E3AB}"
EndProject
Project("{FAE04EC0-301F-11D3-BF4B-00C04F79EFBC}") = "Wpf.Libraries.Surv.Common", "Wpf.Libraries.Surv.Common\Wpf.Libraries.Surv.Common.csproj", "{6BAC7BBF-EEC1-4A20-98B0-BBCB6A442CC8}"
EndProject
Project("{FAE04EC0-301F-11D3-BF4B-00C04F79EFBC}") = "Ironwall.Libraries.RTSP", "Ironwall.Libraries.RTSP\Ironwall.Libraries.RTSP.csproj", "{78F8F9D7-D6F5-4A96-9DA6-287AB0AEC651}"
EndProject
Project("{FAE04EC0-301F-11D3-BF4B-00C04F79EFBC}") = "Ironwall.Framework", "Ironwall.Framework\Ironwall.Framework.csproj", "{CC34C433-38A8-4092-B172-D89DB0E632BE}"
EndProject
Project("{FAE04EC0-301F-11D3-BF4B-00C04F79EFBC}") = "Ironwall.Libraries.Base", "Ironwall.Libraries.Base\Ironwall.Libraries.Base.csproj", "{9D2531FC-7A97-478B-9303-9B0A3D223551}"
EndProject
Project("{FAE04EC0-301F-11D3-BF4B-00C04F79EFBC}") = "Ironwall.Framework.Models", "Ironwall.Framework.Models\Ironwall.Framework.Models.csproj", "{3E640A4B-DDB5-47D0-BED9-8187F01B1D6B}"
EndProject
Project("{FAE04EC0-301F-11D3-BF4B-00C04F79EFBC}") = "Ironwall.Framework.ViewModels", "Ironwall.Framework.ViewModels\Ironwall.Framework.ViewModels.csproj", "{7DA0D9F1-E2F8-4C6E-91B2-43DEEBD3C3FE}"
EndProject
Project("{2150E333-8FDC-42A3-9474-1A3956D46DE8}") = "08.VMS", "08.VMS", "{1FCF41AC-CB70-4580-880A-DCE113278DEF}"
EndProject
Project("{FAE04EC0-301F-11D3-BF4B-00C04F79EFBC}") = "Ironwall.Libraries.VMS.Common", "Ironwall.Libraries.VMS.Common\Ironwall.Libraries.VMS.Common.csproj", "{82169CE4-697E-4533-B6E3-29D50F6B398D}"
EndProject
Project("{FAE04EC0-301F-11D3-BF4B-00C04F79EFBC}") = "Ironwall.Libraries.VMS.UI", "Ironwall.Libraries.VMS.UI\Ironwall.Libraries.VMS.UI.csproj", "{E9D2A235-A72A-4137-83FF-B153DB7CE069}"
EndProject
Project("{2150E333-8FDC-42A3-9474-1A3956D46DE8}") = "07.Apis", "07.Apis", "{15B4EDA8-863A-4D2D-A525-AC6C7898BAAC}"
EndProject
Project("{FAE04EC0-301F-11D3-BF4B-00C04F79EFBC}") = "Ironwall.Libraries.Api.Common", "Ironwall.Libraries.Api.Common\Ironwall.Libraries.Api.Common.csproj", "{A6F3508F-2685-47FC-87B7-6FE3C92FDA50}"
EndProject
Project("{FAE04EC0-301F-11D3-BF4B-00C04F79EFBC}") = "Ironwall.Libraries.Apis", "Ironwall.Libraries.Apis\Ironwall.Libraries.Apis.csproj", "{A933014F-7CCC-4467-A3AA-309A8AC1C344}"
EndProject
Project("{FAE04EC0-301F-11D3-BF4B-00C04F79EFBC}") = "Ironwall.Libraries.Api.Client", "Ironwall.Libraries.Api.Client\Ironwall.Libraries.Api.Client.csproj", "{8937E8AB-6402-4AC3-AFFC-AC5B76813A9D}"
EndProject
Project("{FAE04EC0-301F-11D3-BF4B-00C04F79EFBC}") = "Dotnet.Streaming.UI", "Dotnet.Streaming.UI\Dotnet.Streaming.UI.csproj", "{8891095A-E646-4107-B631-4694D58C67DE}"
EndProject
Project("{2150E333-8FDC-42A3-9474-1A3956D46DE8}") = "11.UIs", "11.UIs", "{9D000ADD-DA91-4470-8D77-1D358C94465D}"
EndProject
Project("{FAE04EC0-301F-11D3-BF4B-00C04F79EFBC}") = "Ironwall.Libraries.UI.Controls", "Ironwall.Libraries.UI.Controls\Ironwall.Libraries.UI.Controls.csproj", "{031AB127-CD85-448F-93AF-816119063C12}"
EndProject
Global
	GlobalSection(SolutionConfigurationPlatforms) = preSolution
		Debug|Any CPU = Debug|Any CPU
		Debug|x64 = Debug|x64
		Debug|x86 = Debug|x86
		Release|Any CPU = Release|Any CPU
		Release|x64 = Release|x64
		Release|x86 = Release|x86
	EndGlobalSection
	GlobalSection(ProjectConfigurationPlatforms) = postSolution
		{848AE203-D3B4-4E73-8EF0-1A18D88A040C}.Debug|Any CPU.ActiveCfg = Debug|Any CPU
		{848AE203-D3B4-4E73-8EF0-1A18D88A040C}.Debug|Any CPU.Build.0 = Debug|Any CPU
		{848AE203-D3B4-4E73-8EF0-1A18D88A040C}.Debug|x64.ActiveCfg = Debug|x64
		{848AE203-D3B4-4E73-8EF0-1A18D88A040C}.Debug|x64.Build.0 = Debug|x64
		{848AE203-D3B4-4E73-8EF0-1A18D88A040C}.Debug|x86.ActiveCfg = Debug|x86
		{848AE203-D3B4-4E73-8EF0-1A18D88A040C}.Debug|x86.Build.0 = Debug|x86
		{848AE203-D3B4-4E73-8EF0-1A18D88A040C}.Release|Any CPU.ActiveCfg = Release|Any CPU
		{848AE203-D3B4-4E73-8EF0-1A18D88A040C}.Release|Any CPU.Build.0 = Release|Any CPU
		{848AE203-D3B4-4E73-8EF0-1A18D88A040C}.Release|x64.ActiveCfg = Release|x64
		{848AE203-D3B4-4E73-8EF0-1A18D88A040C}.Release|x64.Build.0 = Release|x64
		{848AE203-D3B4-4E73-8EF0-1A18D88A040C}.Release|x86.ActiveCfg = Release|Any CPU
		{848AE203-D3B4-4E73-8EF0-1A18D88A040C}.Release|x86.Build.0 = Release|Any CPU
		{14220279-9B26-4383-BF1E-A0DA31726758}.Debug|Any CPU.ActiveCfg = Debug|Any CPU
		{14220279-9B26-4383-BF1E-A0DA31726758}.Debug|Any CPU.Build.0 = Debug|Any CPU
		{14220279-9B26-4383-BF1E-A0DA31726758}.Debug|x64.ActiveCfg = Debug|x64
		{14220279-9B26-4383-BF1E-A0DA31726758}.Debug|x64.Build.0 = Debug|x64
		{14220279-9B26-4383-BF1E-A0DA31726758}.Debug|x86.ActiveCfg = Debug|x86
		{14220279-9B26-4383-BF1E-A0DA31726758}.Debug|x86.Build.0 = Debug|x86
		{14220279-9B26-4383-BF1E-A0DA31726758}.Release|Any CPU.ActiveCfg = Release|Any CPU
		{14220279-9B26-4383-BF1E-A0DA31726758}.Release|Any CPU.Build.0 = Release|Any CPU
		{14220279-9B26-4383-BF1E-A0DA31726758}.Release|x64.ActiveCfg = Release|x64
		{14220279-9B26-4383-BF1E-A0DA31726758}.Release|x64.Build.0 = Release|x64
		{14220279-9B26-4383-BF1E-A0DA31726758}.Release|x86.ActiveCfg = Release|Any CPU
		{14220279-9B26-4383-BF1E-A0DA31726758}.Release|x86.Build.0 = Release|Any CPU
		{F47F05B0-98D9-408C-8F6B-195C036670E9}.Debug|Any CPU.ActiveCfg = Debug|Any CPU
		{F47F05B0-98D9-408C-8F6B-195C036670E9}.Debug|Any CPU.Build.0 = Debug|Any CPU
		{F47F05B0-98D9-408C-8F6B-195C036670E9}.Debug|x64.ActiveCfg = Debug|Any CPU
		{F47F05B0-98D9-408C-8F6B-195C036670E9}.Debug|x64.Build.0 = Debug|Any CPU
		{F47F05B0-98D9-408C-8F6B-195C036670E9}.Debug|x86.ActiveCfg = Debug|Any CPU
		{F47F05B0-98D9-408C-8F6B-195C036670E9}.Debug|x86.Build.0 = Debug|Any CPU
		{F47F05B0-98D9-408C-8F6B-195C036670E9}.Release|Any CPU.ActiveCfg = Release|Any CPU
		{F47F05B0-98D9-408C-8F6B-195C036670E9}.Release|Any CPU.Build.0 = Release|Any CPU
		{F47F05B0-98D9-408C-8F6B-195C036670E9}.Release|x64.ActiveCfg = Release|x64
		{F47F05B0-98D9-408C-8F6B-195C036670E9}.Release|x64.Build.0 = Release|x64
		{F47F05B0-98D9-408C-8F6B-195C036670E9}.Release|x86.ActiveCfg = Release|Any CPU
		{F47F05B0-98D9-408C-8F6B-195C036670E9}.Release|x86.Build.0 = Release|Any CPU
		{6D3566F5-FD4F-46ED-9364-0ECA1433B202}.Debug|Any CPU.ActiveCfg = Debug|Any CPU
		{6D3566F5-FD4F-46ED-9364-0ECA1433B202}.Debug|Any CPU.Build.0 = Debug|Any CPU
		{6D3566F5-FD4F-46ED-9364-0ECA1433B202}.Debug|x64.ActiveCfg = Debug|Any CPU
		{6D3566F5-FD4F-46ED-9364-0ECA1433B202}.Debug|x64.Build.0 = Debug|Any CPU
		{6D3566F5-FD4F-46ED-9364-0ECA1433B202}.Debug|x86.ActiveCfg = Debug|Any CPU
		{6D3566F5-FD4F-46ED-9364-0ECA1433B202}.Debug|x86.Build.0 = Debug|Any CPU
		{6D3566F5-FD4F-46ED-9364-0ECA1433B202}.Release|Any CPU.ActiveCfg = Release|Any CPU
		{6D3566F5-FD4F-46ED-9364-0ECA1433B202}.Release|Any CPU.Build.0 = Release|Any CPU
		{6D3566F5-FD4F-46ED-9364-0ECA1433B202}.Release|x64.ActiveCfg = Release|Any CPU
		{6D3566F5-FD4F-46ED-9364-0ECA1433B202}.Release|x64.Build.0 = Release|Any CPU
		{6D3566F5-FD4F-46ED-9364-0ECA1433B202}.Release|x86.ActiveCfg = Release|Any CPU
		{6D3566F5-FD4F-46ED-9364-0ECA1433B202}.Release|x86.Build.0 = Release|Any CPU
		{EA0E65F1-7599-46A2-A0EA-7B25865CD810}.Debug|Any CPU.ActiveCfg = Debug|Any CPU
		{EA0E65F1-7599-46A2-A0EA-7B25865CD810}.Debug|Any CPU.Build.0 = Debug|Any CPU
		{EA0E65F1-7599-46A2-A0EA-7B25865CD810}.Debug|x64.ActiveCfg = Debug|Any CPU
		{EA0E65F1-7599-46A2-A0EA-7B25865CD810}.Debug|x64.Build.0 = Debug|Any CPU
		{EA0E65F1-7599-46A2-A0EA-7B25865CD810}.Debug|x86.ActiveCfg = Debug|Any CPU
		{EA0E65F1-7599-46A2-A0EA-7B25865CD810}.Debug|x86.Build.0 = Debug|Any CPU
		{EA0E65F1-7599-46A2-A0EA-7B25865CD810}.Release|Any CPU.ActiveCfg = Release|Any CPU
		{EA0E65F1-7599-46A2-A0EA-7B25865CD810}.Release|Any CPU.Build.0 = Release|Any CPU
		{EA0E65F1-7599-46A2-A0EA-7B25865CD810}.Release|x64.ActiveCfg = Release|Any CPU
		{EA0E65F1-7599-46A2-A0EA-7B25865CD810}.Release|x64.Build.0 = Release|Any CPU
		{EA0E65F1-7599-46A2-A0EA-7B25865CD810}.Release|x86.ActiveCfg = Release|Any CPU
		{EA0E65F1-7599-46A2-A0EA-7B25865CD810}.Release|x86.Build.0 = Release|Any CPU
		{240A11B9-761C-4693-9331-67868C4730B8}.Debug|Any CPU.ActiveCfg = Debug|Any CPU
		{240A11B9-761C-4693-9331-67868C4730B8}.Debug|Any CPU.Build.0 = Debug|Any CPU
		{240A11B9-761C-4693-9331-67868C4730B8}.Debug|x64.ActiveCfg = Debug|x64
		{240A11B9-761C-4693-9331-67868C4730B8}.Debug|x64.Build.0 = Debug|x64
		{240A11B9-761C-4693-9331-67868C4730B8}.Debug|x86.ActiveCfg = Debug|x86
		{240A11B9-761C-4693-9331-67868C4730B8}.Debug|x86.Build.0 = Debug|x86
		{240A11B9-761C-4693-9331-67868C4730B8}.Release|Any CPU.ActiveCfg = Release|Any CPU
		{240A11B9-761C-4693-9331-67868C4730B8}.Release|Any CPU.Build.0 = Release|Any CPU
		{240A11B9-761C-4693-9331-67868C4730B8}.Release|x64.ActiveCfg = Release|x64
		{240A11B9-761C-4693-9331-67868C4730B8}.Release|x64.Build.0 = Release|x64
		{240A11B9-761C-4693-9331-67868C4730B8}.Release|x86.ActiveCfg = Release|x86
		{240A11B9-761C-4693-9331-67868C4730B8}.Release|x86.Build.0 = Release|x86
		{B3EB5954-521C-4482-91A2-49604E7AD060}.Debug|Any CPU.ActiveCfg = Debug|Any CPU
		{B3EB5954-521C-4482-91A2-49604E7AD060}.Debug|Any CPU.Build.0 = Debug|Any CPU
		{B3EB5954-521C-4482-91A2-49604E7AD060}.Debug|x64.ActiveCfg = Debug|x64
		{B3EB5954-521C-4482-91A2-49604E7AD060}.Debug|x64.Build.0 = Debug|x64
		{B3EB5954-521C-4482-91A2-49604E7AD060}.Debug|x86.ActiveCfg = Debug|x86
		{B3EB5954-521C-4482-91A2-49604E7AD060}.Debug|x86.Build.0 = Debug|x86
		{B3EB5954-521C-4482-91A2-49604E7AD060}.Release|Any CPU.ActiveCfg = Release|Any CPU
		{B3EB5954-521C-4482-91A2-49604E7AD060}.Release|Any CPU.Build.0 = Release|Any CPU
		{B3EB5954-521C-4482-91A2-49604E7AD060}.Release|x64.ActiveCfg = Release|x64
		{B3EB5954-521C-4482-91A2-49604E7AD060}.Release|x64.Build.0 = Release|x64
		{B3EB5954-521C-4482-91A2-49604E7AD060}.Release|x86.ActiveCfg = Release|x86
		{B3EB5954-521C-4482-91A2-49604E7AD060}.Release|x86.Build.0 = Release|x86
		{0711A9F3-3D23-4674-9408-3219DD781F55}.Debug|Any CPU.ActiveCfg = Debug|Any CPU
		{0711A9F3-3D23-4674-9408-3219DD781F55}.Debug|Any CPU.Build.0 = Debug|Any CPU
		{0711A9F3-3D23-4674-9408-3219DD781F55}.Debug|x64.ActiveCfg = Debug|Any CPU
		{0711A9F3-3D23-4674-9408-3219DD781F55}.Debug|x64.Build.0 = Debug|Any CPU
		{0711A9F3-3D23-4674-9408-3219DD781F55}.Debug|x86.ActiveCfg = Debug|Any CPU
		{0711A9F3-3D23-4674-9408-3219DD781F55}.Debug|x86.Build.0 = Debug|Any CPU
		{0711A9F3-3D23-4674-9408-3219DD781F55}.Release|Any CPU.ActiveCfg = Release|Any CPU
		{0711A9F3-3D23-4674-9408-3219DD781F55}.Release|Any CPU.Build.0 = Release|Any CPU
		{0711A9F3-3D23-4674-9408-3219DD781F55}.Release|x64.ActiveCfg = Release|Any CPU
		{0711A9F3-3D23-4674-9408-3219DD781F55}.Release|x64.Build.0 = Release|Any CPU
		{0711A9F3-3D23-4674-9408-3219DD781F55}.Release|x86.ActiveCfg = Release|Any CPU
		{0711A9F3-3D23-4674-9408-3219DD781F55}.Release|x86.Build.0 = Release|Any CPU
		{2C610548-379E-4BC9-B24B-9B05A8C8453C}.Debug|Any CPU.ActiveCfg = Debug|Any CPU
		{2C610548-379E-4BC9-B24B-9B05A8C8453C}.Debug|Any CPU.Build.0 = Debug|Any CPU
		{2C610548-379E-4BC9-B24B-9B05A8C8453C}.Debug|x64.ActiveCfg = Debug|x64
		{2C610548-379E-4BC9-B24B-9B05A8C8453C}.Debug|x64.Build.0 = Debug|x64
		{2C610548-379E-4BC9-B24B-9B05A8C8453C}.Debug|x86.ActiveCfg = Debug|x86
		{2C610548-379E-4BC9-B24B-9B05A8C8453C}.Debug|x86.Build.0 = Debug|x86
		{2C610548-379E-4BC9-B24B-9B05A8C8453C}.Release|Any CPU.ActiveCfg = Release|Any CPU
		{2C610548-379E-4BC9-B24B-9B05A8C8453C}.Release|Any CPU.Build.0 = Release|Any CPU
		{2C610548-379E-4BC9-B24B-9B05A8C8453C}.Release|x64.ActiveCfg = Release|x64
		{2C610548-379E-4BC9-B24B-9B05A8C8453C}.Release|x64.Build.0 = Release|x64
		{2C610548-379E-4BC9-B24B-9B05A8C8453C}.Release|x86.ActiveCfg = Release|x86
		{2C610548-379E-4BC9-B24B-9B05A8C8453C}.Release|x86.Build.0 = Release|x86
		{93E4883C-0365-485F-A9B9-C04E204AEC65}.Debug|Any CPU.ActiveCfg = Debug|Any CPU
		{93E4883C-0365-485F-A9B9-C04E204AEC65}.Debug|Any CPU.Build.0 = Debug|Any CPU
		{93E4883C-0365-485F-A9B9-C04E204AEC65}.Debug|x64.ActiveCfg = Debug|x64
		{93E4883C-0365-485F-A9B9-C04E204AEC65}.Debug|x64.Build.0 = Debug|x64
		{93E4883C-0365-485F-A9B9-C04E204AEC65}.Debug|x86.ActiveCfg = Debug|x86
		{93E4883C-0365-485F-A9B9-C04E204AEC65}.Debug|x86.Build.0 = Debug|x86
		{93E4883C-0365-485F-A9B9-C04E204AEC65}.Release|Any CPU.ActiveCfg = Release|Any CPU
		{93E4883C-0365-485F-A9B9-C04E204AEC65}.Release|Any CPU.Build.0 = Release|Any CPU
		{93E4883C-0365-485F-A9B9-C04E204AEC65}.Release|x64.ActiveCfg = Release|x64
		{93E4883C-0365-485F-A9B9-C04E204AEC65}.Release|x64.Build.0 = Release|x64
		{93E4883C-0365-485F-A9B9-C04E204AEC65}.Release|x86.ActiveCfg = Release|x86
		{93E4883C-0365-485F-A9B9-C04E204AEC65}.Release|x86.Build.0 = Release|x86
		{79ED78DB-54EE-4645-BBD0-B47F484EA09F}.Debug|Any CPU.ActiveCfg = Debug|Any CPU
		{79ED78DB-54EE-4645-BBD0-B47F484EA09F}.Debug|Any CPU.Build.0 = Debug|Any CPU
		{79ED78DB-54EE-4645-BBD0-B47F484EA09F}.Debug|x64.ActiveCfg = Debug|x64
		{79ED78DB-54EE-4645-BBD0-B47F484EA09F}.Debug|x64.Build.0 = Debug|x64
		{79ED78DB-54EE-4645-BBD0-B47F484EA09F}.Debug|x86.ActiveCfg = Debug|x86
		{79ED78DB-54EE-4645-BBD0-B47F484EA09F}.Debug|x86.Build.0 = Debug|x86
		{79ED78DB-54EE-4645-BBD0-B47F484EA09F}.Release|Any CPU.ActiveCfg = Release|Any CPU
		{79ED78DB-54EE-4645-BBD0-B47F484EA09F}.Release|Any CPU.Build.0 = Release|Any CPU
		{79ED78DB-54EE-4645-BBD0-B47F484EA09F}.Release|x64.ActiveCfg = Release|x64
		{79ED78DB-54EE-4645-BBD0-B47F484EA09F}.Release|x64.Build.0 = Release|x64
		{79ED78DB-54EE-4645-BBD0-B47F484EA09F}.Release|x86.ActiveCfg = Release|x86
		{79ED78DB-54EE-4645-BBD0-B47F484EA09F}.Release|x86.Build.0 = Release|x86
		{E2125239-EEAF-4171-B20B-C3E192422C85}.Debug|Any CPU.ActiveCfg = Debug|Any CPU
		{E2125239-EEAF-4171-B20B-C3E192422C85}.Debug|Any CPU.Build.0 = Debug|Any CPU
		{E2125239-EEAF-4171-B20B-C3E192422C85}.Debug|x64.ActiveCfg = Debug|Any CPU
		{E2125239-EEAF-4171-B20B-C3E192422C85}.Debug|x64.Build.0 = Debug|Any CPU
		{E2125239-EEAF-4171-B20B-C3E192422C85}.Debug|x86.ActiveCfg = Debug|Any CPU
		{E2125239-EEAF-4171-B20B-C3E192422C85}.Debug|x86.Build.0 = Debug|Any CPU
		{E2125239-EEAF-4171-B20B-C3E192422C85}.Release|Any CPU.ActiveCfg = Release|Any CPU
		{E2125239-EEAF-4171-B20B-C3E192422C85}.Release|Any CPU.Build.0 = Release|Any CPU
		{E2125239-EEAF-4171-B20B-C3E192422C85}.Release|x64.ActiveCfg = Release|Any CPU
		{E2125239-EEAF-4171-B20B-C3E192422C85}.Release|x64.Build.0 = Release|Any CPU
		{E2125239-EEAF-4171-B20B-C3E192422C85}.Release|x86.ActiveCfg = Release|Any CPU
		{E2125239-EEAF-4171-B20B-C3E192422C85}.Release|x86.Build.0 = Release|Any CPU
		{837860AB-28AA-4D99-8679-37129757D049}.Debug|Any CPU.ActiveCfg = Debug|Any CPU
		{837860AB-28AA-4D99-8679-37129757D049}.Debug|Any CPU.Build.0 = Debug|Any CPU
		{837860AB-28AA-4D99-8679-37129757D049}.Debug|x64.ActiveCfg = Debug|x64
		{837860AB-28AA-4D99-8679-37129757D049}.Debug|x64.Build.0 = Debug|x64
		{837860AB-28AA-4D99-8679-37129757D049}.Debug|x86.ActiveCfg = Debug|x86
		{837860AB-28AA-4D99-8679-37129757D049}.Debug|x86.Build.0 = Debug|x86
		{837860AB-28AA-4D99-8679-37129757D049}.Release|Any CPU.ActiveCfg = Release|Any CPU
		{837860AB-28AA-4D99-8679-37129757D049}.Release|Any CPU.Build.0 = Release|Any CPU
		{837860AB-28AA-4D99-8679-37129757D049}.Release|x64.ActiveCfg = Release|x64
		{837860AB-28AA-4D99-8679-37129757D049}.Release|x64.Build.0 = Release|x64
		{837860AB-28AA-4D99-8679-37129757D049}.Release|x86.ActiveCfg = Release|x86
		{837860AB-28AA-4D99-8679-37129757D049}.Release|x86.Build.0 = Release|x86
		{5C2E0347-DCB2-4B47-B2E0-4CD3E1C7537D}.Debug|Any CPU.ActiveCfg = Debug|Any CPU
		{5C2E0347-DCB2-4B47-B2E0-4CD3E1C7537D}.Debug|Any CPU.Build.0 = Debug|Any CPU
		{5C2E0347-DCB2-4B47-B2E0-4CD3E1C7537D}.Debug|x64.ActiveCfg = Debug|x64
		{5C2E0347-DCB2-4B47-B2E0-4CD3E1C7537D}.Debug|x64.Build.0 = Debug|x64
		{5C2E0347-DCB2-4B47-B2E0-4CD3E1C7537D}.Debug|x86.ActiveCfg = Debug|x86
		{5C2E0347-DCB2-4B47-B2E0-4CD3E1C7537D}.Debug|x86.Build.0 = Debug|x86
		{5C2E0347-DCB2-4B47-B2E0-4CD3E1C7537D}.Release|Any CPU.ActiveCfg = Release|Any CPU
		{5C2E0347-DCB2-4B47-B2E0-4CD3E1C7537D}.Release|Any CPU.Build.0 = Release|Any CPU
		{5C2E0347-DCB2-4B47-B2E0-4CD3E1C7537D}.Release|x64.ActiveCfg = Release|x64
		{5C2E0347-DCB2-4B47-B2E0-4CD3E1C7537D}.Release|x64.Build.0 = Release|x64
		{5C2E0347-DCB2-4B47-B2E0-4CD3E1C7537D}.Release|x86.ActiveCfg = Release|x86
		{5C2E0347-DCB2-4B47-B2E0-4CD3E1C7537D}.Release|x86.Build.0 = Release|x86
		{7997FC7F-00B2-4043-BB70-1542D8FA9466}.Debug|Any CPU.ActiveCfg = Debug|Any CPU
		{7997FC7F-00B2-4043-BB70-1542D8FA9466}.Debug|Any CPU.Build.0 = Debug|Any CPU
		{7997FC7F-00B2-4043-BB70-1542D8FA9466}.Debug|x64.ActiveCfg = Debug|Any CPU
		{7997FC7F-00B2-4043-BB70-1542D8FA9466}.Debug|x64.Build.0 = Debug|Any CPU
		{7997FC7F-00B2-4043-BB70-1542D8FA9466}.Debug|x86.ActiveCfg = Debug|Any CPU
		{7997FC7F-00B2-4043-BB70-1542D8FA9466}.Debug|x86.Build.0 = Debug|Any CPU
		{7997FC7F-00B2-4043-BB70-1542D8FA9466}.Release|Any CPU.ActiveCfg = Release|Any CPU
		{7997FC7F-00B2-4043-BB70-1542D8FA9466}.Release|Any CPU.Build.0 = Release|Any CPU
		{7997FC7F-00B2-4043-BB70-1542D8FA9466}.Release|x64.ActiveCfg = Release|Any CPU
		{7997FC7F-00B2-4043-BB70-1542D8FA9466}.Release|x64.Build.0 = Release|Any CPU
		{7997FC7F-00B2-4043-BB70-1542D8FA9466}.Release|x86.ActiveCfg = Release|Any CPU
		{7997FC7F-00B2-4043-BB70-1542D8FA9466}.Release|x86.Build.0 = Release|Any CPU
		{EE863CA0-F533-4B4A-8AB4-D9CB6FA059D9}.Debug|Any CPU.ActiveCfg = Debug|Any CPU
		{EE863CA0-F533-4B4A-8AB4-D9CB6FA059D9}.Debug|Any CPU.Build.0 = Debug|Any CPU
		{EE863CA0-F533-4B4A-8AB4-D9CB6FA059D9}.Debug|x64.ActiveCfg = Debug|Any CPU
		{EE863CA0-F533-4B4A-8AB4-D9CB6FA059D9}.Debug|x64.Build.0 = Debug|Any CPU
		{EE863CA0-F533-4B4A-8AB4-D9CB6FA059D9}.Debug|x86.ActiveCfg = Debug|Any CPU
		{EE863CA0-F533-4B4A-8AB4-D9CB6FA059D9}.Debug|x86.Build.0 = Debug|Any CPU
		{EE863CA0-F533-4B4A-8AB4-D9CB6FA059D9}.Release|Any CPU.ActiveCfg = Release|Any CPU
		{EE863CA0-F533-4B4A-8AB4-D9CB6FA059D9}.Release|Any CPU.Build.0 = Release|Any CPU
		{EE863CA0-F533-4B4A-8AB4-D9CB6FA059D9}.Release|x64.ActiveCfg = Release|Any CPU
		{EE863CA0-F533-4B4A-8AB4-D9CB6FA059D9}.Release|x64.Build.0 = Release|Any CPU
		{EE863CA0-F533-4B4A-8AB4-D9CB6FA059D9}.Release|x86.ActiveCfg = Release|Any CPU
		{EE863CA0-F533-4B4A-8AB4-D9CB6FA059D9}.Release|x86.Build.0 = Release|Any CPU
		{AF906809-40D8-4E3C-822F-2AD5989F4AE6}.Debug|Any CPU.ActiveCfg = Debug|Any CPU
		{AF906809-40D8-4E3C-822F-2AD5989F4AE6}.Debug|Any CPU.Build.0 = Debug|Any CPU
		{AF906809-40D8-4E3C-822F-2AD5989F4AE6}.Debug|x64.ActiveCfg = Debug|Any CPU
		{AF906809-40D8-4E3C-822F-2AD5989F4AE6}.Debug|x64.Build.0 = Debug|Any CPU
		{AF906809-40D8-4E3C-822F-2AD5989F4AE6}.Debug|x86.ActiveCfg = Debug|Any CPU
		{AF906809-40D8-4E3C-822F-2AD5989F4AE6}.Debug|x86.Build.0 = Debug|Any CPU
		{AF906809-40D8-4E3C-822F-2AD5989F4AE6}.Release|Any CPU.ActiveCfg = Release|Any CPU
		{AF906809-40D8-4E3C-822F-2AD5989F4AE6}.Release|Any CPU.Build.0 = Release|Any CPU
		{AF906809-40D8-4E3C-822F-2AD5989F4AE6}.Release|x64.ActiveCfg = Release|Any CPU
		{AF906809-40D8-4E3C-822F-2AD5989F4AE6}.Release|x64.Build.0 = Release|Any CPU
		{AF906809-40D8-4E3C-822F-2AD5989F4AE6}.Release|x86.ActiveCfg = Release|Any CPU
		{AF906809-40D8-4E3C-822F-2AD5989F4AE6}.Release|x86.Build.0 = Release|Any CPU
		{F02F8DFD-C744-4C57-BF1B-FEEC7B4C8418}.Debug|Any CPU.ActiveCfg = Debug|Any CPU
		{F02F8DFD-C744-4C57-BF1B-FEEC7B4C8418}.Debug|Any CPU.Build.0 = Debug|Any CPU
		{F02F8DFD-C744-4C57-BF1B-FEEC7B4C8418}.Debug|x64.ActiveCfg = Debug|Any CPU
		{F02F8DFD-C744-4C57-BF1B-FEEC7B4C8418}.Debug|x64.Build.0 = Debug|Any CPU
		{F02F8DFD-C744-4C57-BF1B-FEEC7B4C8418}.Debug|x86.ActiveCfg = Debug|Any CPU
		{F02F8DFD-C744-4C57-BF1B-FEEC7B4C8418}.Debug|x86.Build.0 = Debug|Any CPU
		{F02F8DFD-C744-4C57-BF1B-FEEC7B4C8418}.Release|Any CPU.ActiveCfg = Release|Any CPU
		{F02F8DFD-C744-4C57-BF1B-FEEC7B4C8418}.Release|Any CPU.Build.0 = Release|Any CPU
		{F02F8DFD-C744-4C57-BF1B-FEEC7B4C8418}.Release|x64.ActiveCfg = Release|Any CPU
		{F02F8DFD-C744-4C57-BF1B-FEEC7B4C8418}.Release|x64.Build.0 = Release|Any CPU
		{F02F8DFD-C744-4C57-BF1B-FEEC7B4C8418}.Release|x86.ActiveCfg = Release|Any CPU
		{F02F8DFD-C744-4C57-BF1B-FEEC7B4C8418}.Release|x86.Build.0 = Release|Any CPU
		{E14BC097-BEC3-4799-A037-52B0DF857EE5}.Debug|Any CPU.ActiveCfg = Debug|Any CPU
		{E14BC097-BEC3-4799-A037-52B0DF857EE5}.Debug|Any CPU.Build.0 = Debug|Any CPU
		{E14BC097-BEC3-4799-A037-52B0DF857EE5}.Debug|x64.ActiveCfg = Debug|Any CPU
		{E14BC097-BEC3-4799-A037-52B0DF857EE5}.Debug|x64.Build.0 = Debug|Any CPU
		{E14BC097-BEC3-4799-A037-52B0DF857EE5}.Debug|x86.ActiveCfg = Debug|Any CPU
		{E14BC097-BEC3-4799-A037-52B0DF857EE5}.Debug|x86.Build.0 = Debug|Any CPU
		{E14BC097-BEC3-4799-A037-52B0DF857EE5}.Release|Any CPU.ActiveCfg = Release|Any CPU
		{E14BC097-BEC3-4799-A037-52B0DF857EE5}.Release|Any CPU.Build.0 = Release|Any CPU
		{E14BC097-BEC3-4799-A037-52B0DF857EE5}.Release|x64.ActiveCfg = Release|Any CPU
		{E14BC097-BEC3-4799-A037-52B0DF857EE5}.Release|x64.Build.0 = Release|Any CPU
		{E14BC097-BEC3-4799-A037-52B0DF857EE5}.Release|x86.ActiveCfg = Release|Any CPU
		{E14BC097-BEC3-4799-A037-52B0DF857EE5}.Release|x86.Build.0 = Release|Any CPU
		{1E1B5ED3-C08E-4C08-B7EC-E96693656EF5}.Debug|Any CPU.ActiveCfg = Debug|Any CPU
		{1E1B5ED3-C08E-4C08-B7EC-E96693656EF5}.Debug|Any CPU.Build.0 = Debug|Any CPU
		{1E1B5ED3-C08E-4C08-B7EC-E96693656EF5}.Debug|x64.ActiveCfg = Debug|Any CPU
		{1E1B5ED3-C08E-4C08-B7EC-E96693656EF5}.Debug|x64.Build.0 = Debug|Any CPU
		{1E1B5ED3-C08E-4C08-B7EC-E96693656EF5}.Debug|x86.ActiveCfg = Debug|Any CPU
		{1E1B5ED3-C08E-4C08-B7EC-E96693656EF5}.Debug|x86.Build.0 = Debug|Any CPU
		{1E1B5ED3-C08E-4C08-B7EC-E96693656EF5}.Release|Any CPU.ActiveCfg = Release|Any CPU
		{1E1B5ED3-C08E-4C08-B7EC-E96693656EF5}.Release|Any CPU.Build.0 = Release|Any CPU
		{1E1B5ED3-C08E-4C08-B7EC-E96693656EF5}.Release|x64.ActiveCfg = Release|Any CPU
		{1E1B5ED3-C08E-4C08-B7EC-E96693656EF5}.Release|x64.Build.0 = Release|Any CPU
		{1E1B5ED3-C08E-4C08-B7EC-E96693656EF5}.Release|x86.ActiveCfg = Release|Any CPU
		{1E1B5ED3-C08E-4C08-B7EC-E96693656EF5}.Release|x86.Build.0 = Release|Any CPU
		{011E7E98-189A-4152-84B1-8A07B40F39F1}.Debug|Any CPU.ActiveCfg = Debug|Any CPU
		{011E7E98-189A-4152-84B1-8A07B40F39F1}.Debug|Any CPU.Build.0 = Debug|Any CPU
		{011E7E98-189A-4152-84B1-8A07B40F39F1}.Debug|x64.ActiveCfg = Debug|Any CPU
		{011E7E98-189A-4152-84B1-8A07B40F39F1}.Debug|x64.Build.0 = Debug|Any CPU
		{011E7E98-189A-4152-84B1-8A07B40F39F1}.Debug|x86.ActiveCfg = Debug|Any CPU
		{011E7E98-189A-4152-84B1-8A07B40F39F1}.Debug|x86.Build.0 = Debug|Any CPU
		{011E7E98-189A-4152-84B1-8A07B40F39F1}.Release|Any CPU.ActiveCfg = Release|Any CPU
		{011E7E98-189A-4152-84B1-8A07B40F39F1}.Release|Any CPU.Build.0 = Release|Any CPU
		{011E7E98-189A-4152-84B1-8A07B40F39F1}.Release|x64.ActiveCfg = Release|Any CPU
		{011E7E98-189A-4152-84B1-8A07B40F39F1}.Release|x64.Build.0 = Release|Any CPU
		{011E7E98-189A-4152-84B1-8A07B40F39F1}.Release|x86.ActiveCfg = Release|Any CPU
		{011E7E98-189A-4152-84B1-8A07B40F39F1}.Release|x86.Build.0 = Release|Any CPU
		{33C63F02-9BD8-4CC3-BE07-E398247CF214}.Debug|Any CPU.ActiveCfg = Debug|Any CPU
		{33C63F02-9BD8-4CC3-BE07-E398247CF214}.Debug|Any CPU.Build.0 = Debug|Any CPU
		{33C63F02-9BD8-4CC3-BE07-E398247CF214}.Debug|x64.ActiveCfg = Debug|Any CPU
		{33C63F02-9BD8-4CC3-BE07-E398247CF214}.Debug|x64.Build.0 = Debug|Any CPU
		{33C63F02-9BD8-4CC3-BE07-E398247CF214}.Debug|x86.ActiveCfg = Debug|Any CPU
		{33C63F02-9BD8-4CC3-BE07-E398247CF214}.Debug|x86.Build.0 = Debug|Any CPU
		{33C63F02-9BD8-4CC3-BE07-E398247CF214}.Release|Any CPU.ActiveCfg = Release|Any CPU
		{33C63F02-9BD8-4CC3-BE07-E398247CF214}.Release|Any CPU.Build.0 = Release|Any CPU
		{33C63F02-9BD8-4CC3-BE07-E398247CF214}.Release|x64.ActiveCfg = Release|Any CPU
		{33C63F02-9BD8-4CC3-BE07-E398247CF214}.Release|x64.Build.0 = Release|Any CPU
		{33C63F02-9BD8-4CC3-BE07-E398247CF214}.Release|x86.ActiveCfg = Release|Any CPU
		{33C63F02-9BD8-4CC3-BE07-E398247CF214}.Release|x86.Build.0 = Release|Any CPU
		{BE10ED49-5DCA-49F3-B251-B6D2651C2FA4}.Debug|Any CPU.ActiveCfg = Debug|Any CPU
		{BE10ED49-5DCA-49F3-B251-B6D2651C2FA4}.Debug|Any CPU.Build.0 = Debug|Any CPU
		{BE10ED49-5DCA-49F3-B251-B6D2651C2FA4}.Debug|x64.ActiveCfg = Debug|Any CPU
		{BE10ED49-5DCA-49F3-B251-B6D2651C2FA4}.Debug|x64.Build.0 = Debug|Any CPU
		{BE10ED49-5DCA-49F3-B251-B6D2651C2FA4}.Debug|x86.ActiveCfg = Debug|Any CPU
		{BE10ED49-5DCA-49F3-B251-B6D2651C2FA4}.Debug|x86.Build.0 = Debug|Any CPU
		{BE10ED49-5DCA-49F3-B251-B6D2651C2FA4}.Release|Any CPU.ActiveCfg = Release|Any CPU
		{BE10ED49-5DCA-49F3-B251-B6D2651C2FA4}.Release|Any CPU.Build.0 = Release|Any CPU
		{BE10ED49-5DCA-49F3-B251-B6D2651C2FA4}.Release|x64.ActiveCfg = Release|Any CPU
		{BE10ED49-5DCA-49F3-B251-B6D2651C2FA4}.Release|x64.Build.0 = Release|Any CPU
		{BE10ED49-5DCA-49F3-B251-B6D2651C2FA4}.Release|x86.ActiveCfg = Release|Any CPU
		{BE10ED49-5DCA-49F3-B251-B6D2651C2FA4}.Release|x86.Build.0 = Release|Any CPU
		{433735EC-A957-4465-BE8F-283565A5EF98}.Debug|Any CPU.ActiveCfg = Debug|Any CPU
		{433735EC-A957-4465-BE8F-283565A5EF98}.Debug|Any CPU.Build.0 = Debug|Any CPU
		{433735EC-A957-4465-BE8F-283565A5EF98}.Debug|x64.ActiveCfg = Debug|Any CPU
		{433735EC-A957-4465-BE8F-283565A5EF98}.Debug|x64.Build.0 = Debug|Any CPU
		{433735EC-A957-4465-BE8F-283565A5EF98}.Debug|x86.ActiveCfg = Debug|Any CPU
		{433735EC-A957-4465-BE8F-283565A5EF98}.Debug|x86.Build.0 = Debug|Any CPU
		{433735EC-A957-4465-BE8F-283565A5EF98}.Release|Any CPU.ActiveCfg = Release|Any CPU
		{433735EC-A957-4465-BE8F-283565A5EF98}.Release|Any CPU.Build.0 = Release|Any CPU
		{433735EC-A957-4465-BE8F-283565A5EF98}.Release|x64.ActiveCfg = Release|Any CPU
		{433735EC-A957-4465-BE8F-283565A5EF98}.Release|x64.Build.0 = Release|Any CPU
		{433735EC-A957-4465-BE8F-283565A5EF98}.Release|x86.ActiveCfg = Release|Any CPU
		{433735EC-A957-4465-BE8F-283565A5EF98}.Release|x86.Build.0 = Release|Any CPU
		{1BCD3EC6-5BC0-408F-83B7-3009208F2DBC}.Debug|Any CPU.ActiveCfg = Debug|Any CPU
		{1BCD3EC6-5BC0-408F-83B7-3009208F2DBC}.Debug|Any CPU.Build.0 = Debug|Any CPU
		{1BCD3EC6-5BC0-408F-83B7-3009208F2DBC}.Debug|x64.ActiveCfg = Debug|x64
		{1BCD3EC6-5BC0-408F-83B7-3009208F2DBC}.Debug|x64.Build.0 = Debug|x64
		{1BCD3EC6-5BC0-408F-83B7-3009208F2DBC}.Debug|x86.ActiveCfg = Debug|x86
		{1BCD3EC6-5BC0-408F-83B7-3009208F2DBC}.Debug|x86.Build.0 = Debug|x86
		{1BCD3EC6-5BC0-408F-83B7-3009208F2DBC}.Release|Any CPU.ActiveCfg = Release|Any CPU
		{1BCD3EC6-5BC0-408F-83B7-3009208F2DBC}.Release|Any CPU.Build.0 = Release|Any CPU
		{1BCD3EC6-5BC0-408F-83B7-3009208F2DBC}.Release|x64.ActiveCfg = Release|x64
		{1BCD3EC6-5BC0-408F-83B7-3009208F2DBC}.Release|x64.Build.0 = Release|x64
		{1BCD3EC6-5BC0-408F-83B7-3009208F2DBC}.Release|x86.ActiveCfg = Release|x86
		{1BCD3EC6-5BC0-408F-83B7-3009208F2DBC}.Release|x86.Build.0 = Release|x86
		{5F1639D0-BB9E-4BA0-9AFB-7C30E5B1E634}.Debug|Any CPU.ActiveCfg = Debug|Any CPU
		{5F1639D0-BB9E-4BA0-9AFB-7C30E5B1E634}.Debug|Any CPU.Build.0 = Debug|Any CPU
		{5F1639D0-BB9E-4BA0-9AFB-7C30E5B1E634}.Debug|x64.ActiveCfg = Debug|x64
		{5F1639D0-BB9E-4BA0-9AFB-7C30E5B1E634}.Debug|x64.Build.0 = Debug|x64
		{5F1639D0-BB9E-4BA0-9AFB-7C30E5B1E634}.Debug|x86.ActiveCfg = Debug|x86
		{5F1639D0-BB9E-4BA0-9AFB-7C30E5B1E634}.Debug|x86.Build.0 = Debug|x86
		{5F1639D0-BB9E-4BA0-9AFB-7C30E5B1E634}.Release|Any CPU.ActiveCfg = Release|Any CPU
		{5F1639D0-BB9E-4BA0-9AFB-7C30E5B1E634}.Release|Any CPU.Build.0 = Release|Any CPU
		{5F1639D0-BB9E-4BA0-9AFB-7C30E5B1E634}.Release|x64.ActiveCfg = Release|x64
		{5F1639D0-BB9E-4BA0-9AFB-7C30E5B1E634}.Release|x64.Build.0 = Release|x64
		{5F1639D0-BB9E-4BA0-9AFB-7C30E5B1E634}.Release|x86.ActiveCfg = Release|x86
		{5F1639D0-BB9E-4BA0-9AFB-7C30E5B1E634}.Release|x86.Build.0 = Release|x86
		{3092E805-EA80-4A4E-A27E-83C29F62D71F}.Debug|Any CPU.ActiveCfg = Debug|Any CPU
		{3092E805-EA80-4A4E-A27E-83C29F62D71F}.Debug|Any CPU.Build.0 = Debug|Any CPU
		{3092E805-EA80-4A4E-A27E-83C29F62D71F}.Debug|x64.ActiveCfg = Debug|x64
		{3092E805-EA80-4A4E-A27E-83C29F62D71F}.Debug|x64.Build.0 = Debug|x64
		{3092E805-EA80-4A4E-A27E-83C29F62D71F}.Debug|x86.ActiveCfg = Debug|x86
		{3092E805-EA80-4A4E-A27E-83C29F62D71F}.Debug|x86.Build.0 = Debug|x86
		{3092E805-EA80-4A4E-A27E-83C29F62D71F}.Release|Any CPU.ActiveCfg = Release|Any CPU
		{3092E805-EA80-4A4E-A27E-83C29F62D71F}.Release|Any CPU.Build.0 = Release|Any CPU
		{3092E805-EA80-4A4E-A27E-83C29F62D71F}.Release|x64.ActiveCfg = Release|x64
		{3092E805-EA80-4A4E-A27E-83C29F62D71F}.Release|x64.Build.0 = Release|x64
		{3092E805-EA80-4A4E-A27E-83C29F62D71F}.Release|x86.ActiveCfg = Release|x86
		{3092E805-EA80-4A4E-A27E-83C29F62D71F}.Release|x86.Build.0 = Release|x86
		{468ADEDE-6F5E-40C0-99C9-C6DAC4FAC934}.Debug|Any CPU.ActiveCfg = Debug|Any CPU
		{468ADEDE-6F5E-40C0-99C9-C6DAC4FAC934}.Debug|Any CPU.Build.0 = Debug|Any CPU
		{468ADEDE-6F5E-40C0-99C9-C6DAC4FAC934}.Debug|x64.ActiveCfg = Debug|Any CPU
		{468ADEDE-6F5E-40C0-99C9-C6DAC4FAC934}.Debug|x64.Build.0 = Debug|Any CPU
		{468ADEDE-6F5E-40C0-99C9-C6DAC4FAC934}.Debug|x86.ActiveCfg = Debug|Any CPU
		{468ADEDE-6F5E-40C0-99C9-C6DAC4FAC934}.Debug|x86.Build.0 = Debug|Any CPU
		{468ADEDE-6F5E-40C0-99C9-C6DAC4FAC934}.Release|Any CPU.ActiveCfg = Release|Any CPU
		{468ADEDE-6F5E-40C0-99C9-C6DAC4FAC934}.Release|Any CPU.Build.0 = Release|Any CPU
		{468ADEDE-6F5E-40C0-99C9-C6DAC4FAC934}.Release|x64.ActiveCfg = Release|Any CPU
		{468ADEDE-6F5E-40C0-99C9-C6DAC4FAC934}.Release|x64.Build.0 = Release|Any CPU
		{468ADEDE-6F5E-40C0-99C9-C6DAC4FAC934}.Release|x86.ActiveCfg = Release|Any CPU
		{468ADEDE-6F5E-40C0-99C9-C6DAC4FAC934}.Release|x86.Build.0 = Release|Any CPU
		{8512A231-8271-497E-9311-18F39F470A63}.Debug|Any CPU.ActiveCfg = Debug|Any CPU
		{8512A231-8271-497E-9311-18F39F470A63}.Debug|Any CPU.Build.0 = Debug|Any CPU
		{8512A231-8271-497E-9311-18F39F470A63}.Debug|x64.ActiveCfg = Debug|x64
		{8512A231-8271-497E-9311-18F39F470A63}.Debug|x64.Build.0 = Debug|x64
		{8512A231-8271-497E-9311-18F39F470A63}.Debug|x86.ActiveCfg = Debug|x86
		{8512A231-8271-497E-9311-18F39F470A63}.Debug|x86.Build.0 = Debug|x86
		{8512A231-8271-497E-9311-18F39F470A63}.Release|Any CPU.ActiveCfg = Release|Any CPU
		{8512A231-8271-497E-9311-18F39F470A63}.Release|Any CPU.Build.0 = Release|Any CPU
		{8512A231-8271-497E-9311-18F39F470A63}.Release|x64.ActiveCfg = Release|x64
		{8512A231-8271-497E-9311-18F39F470A63}.Release|x64.Build.0 = Release|x64
		{8512A231-8271-497E-9311-18F39F470A63}.Release|x86.ActiveCfg = Release|x86
		{8512A231-8271-497E-9311-18F39F470A63}.Release|x86.Build.0 = Release|x86
		{FF44365E-2CD4-4982-B517-DA7A9393D099}.Debug|Any CPU.ActiveCfg = Debug|Any CPU
		{FF44365E-2CD4-4982-B517-DA7A9393D099}.Debug|Any CPU.Build.0 = Debug|Any CPU
		{FF44365E-2CD4-4982-B517-DA7A9393D099}.Debug|x64.ActiveCfg = Debug|x64
		{FF44365E-2CD4-4982-B517-DA7A9393D099}.Debug|x64.Build.0 = Debug|x64
		{FF44365E-2CD4-4982-B517-DA7A9393D099}.Debug|x86.ActiveCfg = Debug|x86
		{FF44365E-2CD4-4982-B517-DA7A9393D099}.Debug|x86.Build.0 = Debug|x86
		{FF44365E-2CD4-4982-B517-DA7A9393D099}.Release|Any CPU.ActiveCfg = Release|Any CPU
		{FF44365E-2CD4-4982-B517-DA7A9393D099}.Release|Any CPU.Build.0 = Release|Any CPU
		{FF44365E-2CD4-4982-B517-DA7A9393D099}.Release|x64.ActiveCfg = Release|x64
		{FF44365E-2CD4-4982-B517-DA7A9393D099}.Release|x64.Build.0 = Release|x64
		{FF44365E-2CD4-4982-B517-DA7A9393D099}.Release|x86.ActiveCfg = Release|x86
		{FF44365E-2CD4-4982-B517-DA7A9393D099}.Release|x86.Build.0 = Release|x86
		{E5D9319F-3D45-4A15-A4C1-2104ACCC8C56}.Debug|Any CPU.ActiveCfg = Debug|Any CPU
		{E5D9319F-3D45-4A15-A4C1-2104ACCC8C56}.Debug|Any CPU.Build.0 = Debug|Any CPU
		{E5D9319F-3D45-4A15-A4C1-2104ACCC8C56}.Debug|x64.ActiveCfg = Debug|x64
		{E5D9319F-3D45-4A15-A4C1-2104ACCC8C56}.Debug|x64.Build.0 = Debug|x64
		{E5D9319F-3D45-4A15-A4C1-2104ACCC8C56}.Debug|x86.ActiveCfg = Debug|x86
		{E5D9319F-3D45-4A15-A4C1-2104ACCC8C56}.Debug|x86.Build.0 = Debug|x86
		{E5D9319F-3D45-4A15-A4C1-2104ACCC8C56}.Release|Any CPU.ActiveCfg = Release|Any CPU
		{E5D9319F-3D45-4A15-A4C1-2104ACCC8C56}.Release|Any CPU.Build.0 = Release|Any CPU
		{E5D9319F-3D45-4A15-A4C1-2104ACCC8C56}.Release|x64.ActiveCfg = Release|x64
		{E5D9319F-3D45-4A15-A4C1-2104ACCC8C56}.Release|x64.Build.0 = Release|x64
		{E5D9319F-3D45-4A15-A4C1-2104ACCC8C56}.Release|x86.ActiveCfg = Release|x86
		{E5D9319F-3D45-4A15-A4C1-2104ACCC8C56}.Release|x86.Build.0 = Release|x86
		{B7E30484-7E07-45AA-AAA0-DE0F85C4EC1C}.Debug|Any CPU.ActiveCfg = Debug|Any CPU
		{B7E30484-7E07-45AA-AAA0-DE0F85C4EC1C}.Debug|Any CPU.Build.0 = Debug|Any CPU
		{B7E30484-7E07-45AA-AAA0-DE0F85C4EC1C}.Debug|x64.ActiveCfg = Debug|Any CPU
		{B7E30484-7E07-45AA-AAA0-DE0F85C4EC1C}.Debug|x64.Build.0 = Debug|Any CPU
		{B7E30484-7E07-45AA-AAA0-DE0F85C4EC1C}.Debug|x86.ActiveCfg = Debug|Any CPU
		{B7E30484-7E07-45AA-AAA0-DE0F85C4EC1C}.Debug|x86.Build.0 = Debug|Any CPU
		{B7E30484-7E07-45AA-AAA0-DE0F85C4EC1C}.Release|Any CPU.ActiveCfg = Release|Any CPU
		{B7E30484-7E07-45AA-AAA0-DE0F85C4EC1C}.Release|Any CPU.Build.0 = Release|Any CPU
		{B7E30484-7E07-45AA-AAA0-DE0F85C4EC1C}.Release|x64.ActiveCfg = Release|Any CPU
		{B7E30484-7E07-45AA-AAA0-DE0F85C4EC1C}.Release|x64.Build.0 = Release|Any CPU
		{B7E30484-7E07-45AA-AAA0-DE0F85C4EC1C}.Release|x86.ActiveCfg = Release|Any CPU
		{B7E30484-7E07-45AA-AAA0-DE0F85C4EC1C}.Release|x86.Build.0 = Release|Any CPU
		{43E69E27-9D9F-4EAF-AAFB-03BECF14E3AB}.Debug|Any CPU.ActiveCfg = Debug|Any CPU
		{43E69E27-9D9F-4EAF-AAFB-03BECF14E3AB}.Debug|Any CPU.Build.0 = Debug|Any CPU
		{43E69E27-9D9F-4EAF-AAFB-03BECF14E3AB}.Debug|x64.ActiveCfg = Debug|x64
		{43E69E27-9D9F-4EAF-AAFB-03BECF14E3AB}.Debug|x64.Build.0 = Debug|x64
		{43E69E27-9D9F-4EAF-AAFB-03BECF14E3AB}.Debug|x86.ActiveCfg = Debug|x86
		{43E69E27-9D9F-4EAF-AAFB-03BECF14E3AB}.Debug|x86.Build.0 = Debug|x86
		{43E69E27-9D9F-4EAF-AAFB-03BECF14E3AB}.Release|Any CPU.ActiveCfg = Release|Any CPU
		{43E69E27-9D9F-4EAF-AAFB-03BECF14E3AB}.Release|Any CPU.Build.0 = Release|Any CPU
		{43E69E27-9D9F-4EAF-AAFB-03BECF14E3AB}.Release|x64.ActiveCfg = Release|x64
		{43E69E27-9D9F-4EAF-AAFB-03BECF14E3AB}.Release|x64.Build.0 = Release|x64
		{43E69E27-9D9F-4EAF-AAFB-03BECF14E3AB}.Release|x86.ActiveCfg = Release|x86
		{43E69E27-9D9F-4EAF-AAFB-03BECF14E3AB}.Release|x86.Build.0 = Release|x86
		{6BAC7BBF-EEC1-4A20-98B0-BBCB6A442CC8}.Debug|Any CPU.ActiveCfg = Debug|Any CPU
		{6BAC7BBF-EEC1-4A20-98B0-BBCB6A442CC8}.Debug|Any CPU.Build.0 = Debug|Any CPU
		{6BAC7BBF-EEC1-4A20-98B0-BBCB6A442CC8}.Debug|x64.ActiveCfg = Debug|x64
		{6BAC7BBF-EEC1-4A20-98B0-BBCB6A442CC8}.Debug|x64.Build.0 = Debug|x64
		{6BAC7BBF-EEC1-4A20-98B0-BBCB6A442CC8}.Debug|x86.ActiveCfg = Debug|x86
		{6BAC7BBF-EEC1-4A20-98B0-BBCB6A442CC8}.Debug|x86.Build.0 = Debug|x86
		{6BAC7BBF-EEC1-4A20-98B0-BBCB6A442CC8}.Release|Any CPU.ActiveCfg = Release|Any CPU
		{6BAC7BBF-EEC1-4A20-98B0-BBCB6A442CC8}.Release|Any CPU.Build.0 = Release|Any CPU
		{6BAC7BBF-EEC1-4A20-98B0-BBCB6A442CC8}.Release|x64.ActiveCfg = Release|x64
		{6BAC7BBF-EEC1-4A20-98B0-BBCB6A442CC8}.Release|x64.Build.0 = Release|x64
		{6BAC7BBF-EEC1-4A20-98B0-BBCB6A442CC8}.Release|x86.ActiveCfg = Release|x86
		{6BAC7BBF-EEC1-4A20-98B0-BBCB6A442CC8}.Release|x86.Build.0 = Release|x86
		{78F8F9D7-D6F5-4A96-9DA6-287AB0AEC651}.Debug|Any CPU.ActiveCfg = Debug|x86
		{78F8F9D7-D6F5-4A96-9DA6-287AB0AEC651}.Debug|Any CPU.Build.0 = Debug|x86
		{78F8F9D7-D6F5-4A96-9DA6-287AB0AEC651}.Debug|x64.ActiveCfg = Debug|x64
		{78F8F9D7-D6F5-4A96-9DA6-287AB0AEC651}.Debug|x64.Build.0 = Debug|x64
		{78F8F9D7-D6F5-4A96-9DA6-287AB0AEC651}.Debug|x86.ActiveCfg = Debug|x86
		{78F8F9D7-D6F5-4A96-9DA6-287AB0AEC651}.Debug|x86.Build.0 = Debug|x86
		{78F8F9D7-D6F5-4A96-9DA6-287AB0AEC651}.Release|Any CPU.ActiveCfg = Release|Any CPU
		{78F8F9D7-D6F5-4A96-9DA6-287AB0AEC651}.Release|Any CPU.Build.0 = Release|Any CPU
		{78F8F9D7-D6F5-4A96-9DA6-287AB0AEC651}.Release|x64.ActiveCfg = Release|x64
		{78F8F9D7-D6F5-4A96-9DA6-287AB0AEC651}.Release|x64.Build.0 = Release|x64
		{78F8F9D7-D6F5-4A96-9DA6-287AB0AEC651}.Release|x86.ActiveCfg = Release|x86
		{78F8F9D7-D6F5-4A96-9DA6-287AB0AEC651}.Release|x86.Build.0 = Release|x86
		{CC34C433-38A8-4092-B172-D89DB0E632BE}.Debug|Any CPU.ActiveCfg = Debug|Any CPU
		{CC34C433-38A8-4092-B172-D89DB0E632BE}.Debug|Any CPU.Build.0 = Debug|Any CPU
		{CC34C433-38A8-4092-B172-D89DB0E632BE}.Debug|x64.ActiveCfg = Debug|x64
		{CC34C433-38A8-4092-B172-D89DB0E632BE}.Debug|x64.Build.0 = Debug|x64
		{CC34C433-38A8-4092-B172-D89DB0E632BE}.Debug|x86.ActiveCfg = Debug|x86
		{CC34C433-38A8-4092-B172-D89DB0E632BE}.Debug|x86.Build.0 = Debug|x86
		{CC34C433-38A8-4092-B172-D89DB0E632BE}.Release|Any CPU.ActiveCfg = Release|Any CPU
		{CC34C433-38A8-4092-B172-D89DB0E632BE}.Release|Any CPU.Build.0 = Release|Any CPU
		{CC34C433-38A8-4092-B172-D89DB0E632BE}.Release|x64.ActiveCfg = Release|x64
		{CC34C433-38A8-4092-B172-D89DB0E632BE}.Release|x64.Build.0 = Release|x64
		{CC34C433-38A8-4092-B172-D89DB0E632BE}.Release|x86.ActiveCfg = Release|x86
		{CC34C433-38A8-4092-B172-D89DB0E632BE}.Release|x86.Build.0 = Release|x86
		{9D2531FC-7A97-478B-9303-9B0A3D223551}.Debug|Any CPU.ActiveCfg = Debug|Any CPU
		{9D2531FC-7A97-478B-9303-9B0A3D223551}.Debug|Any CPU.Build.0 = Debug|Any CPU
		{9D2531FC-7A97-478B-9303-9B0A3D223551}.Debug|x64.ActiveCfg = Debug|x64
		{9D2531FC-7A97-478B-9303-9B0A3D223551}.Debug|x64.Build.0 = Debug|x64
		{9D2531FC-7A97-478B-9303-9B0A3D223551}.Debug|x86.ActiveCfg = Debug|x86
		{9D2531FC-7A97-478B-9303-9B0A3D223551}.Debug|x86.Build.0 = Debug|x86
		{9D2531FC-7A97-478B-9303-9B0A3D223551}.Release|Any CPU.ActiveCfg = Release|Any CPU
		{9D2531FC-7A97-478B-9303-9B0A3D223551}.Release|Any CPU.Build.0 = Release|Any CPU
		{9D2531FC-7A97-478B-9303-9B0A3D223551}.Release|x64.ActiveCfg = Release|x64
		{9D2531FC-7A97-478B-9303-9B0A3D223551}.Release|x64.Build.0 = Release|x64
		{9D2531FC-7A97-478B-9303-9B0A3D223551}.Release|x86.ActiveCfg = Release|x86
		{9D2531FC-7A97-478B-9303-9B0A3D223551}.Release|x86.Build.0 = Release|x86
		{3E640A4B-DDB5-47D0-BED9-8187F01B1D6B}.Debug|Any CPU.ActiveCfg = Debug|Any CPU
		{3E640A4B-DDB5-47D0-BED9-8187F01B1D6B}.Debug|Any CPU.Build.0 = Debug|Any CPU
		{3E640A4B-DDB5-47D0-BED9-8187F01B1D6B}.Debug|x64.ActiveCfg = Debug|x64
		{3E640A4B-DDB5-47D0-BED9-8187F01B1D6B}.Debug|x64.Build.0 = Debug|x64
		{3E640A4B-DDB5-47D0-BED9-8187F01B1D6B}.Debug|x86.ActiveCfg = Debug|x86
		{3E640A4B-DDB5-47D0-BED9-8187F01B1D6B}.Debug|x86.Build.0 = Debug|x86
		{3E640A4B-DDB5-47D0-BED9-8187F01B1D6B}.Release|Any CPU.ActiveCfg = Release|Any CPU
		{3E640A4B-DDB5-47D0-BED9-8187F01B1D6B}.Release|Any CPU.Build.0 = Release|Any CPU
		{3E640A4B-DDB5-47D0-BED9-8187F01B1D6B}.Release|x64.ActiveCfg = Release|x64
		{3E640A4B-DDB5-47D0-BED9-8187F01B1D6B}.Release|x64.Build.0 = Release|x64
		{3E640A4B-DDB5-47D0-BED9-8187F01B1D6B}.Release|x86.ActiveCfg = Release|x86
		{3E640A4B-DDB5-47D0-BED9-8187F01B1D6B}.Release|x86.Build.0 = Release|x86
		{7DA0D9F1-E2F8-4C6E-91B2-43DEEBD3C3FE}.Debug|Any CPU.ActiveCfg = Debug|Any CPU
		{7DA0D9F1-E2F8-4C6E-91B2-43DEEBD3C3FE}.Debug|Any CPU.Build.0 = Debug|Any CPU
		{7DA0D9F1-E2F8-4C6E-91B2-43DEEBD3C3FE}.Debug|x64.ActiveCfg = Debug|x64
		{7DA0D9F1-E2F8-4C6E-91B2-43DEEBD3C3FE}.Debug|x64.Build.0 = Debug|x64
		{7DA0D9F1-E2F8-4C6E-91B2-43DEEBD3C3FE}.Debug|x86.ActiveCfg = Debug|x86
		{7DA0D9F1-E2F8-4C6E-91B2-43DEEBD3C3FE}.Debug|x86.Build.0 = Debug|x86
		{7DA0D9F1-E2F8-4C6E-91B2-43DEEBD3C3FE}.Release|Any CPU.ActiveCfg = Release|Any CPU
		{7DA0D9F1-E2F8-4C6E-91B2-43DEEBD3C3FE}.Release|Any CPU.Build.0 = Release|Any CPU
		{7DA0D9F1-E2F8-4C6E-91B2-43DEEBD3C3FE}.Release|x64.ActiveCfg = Release|x64
		{7DA0D9F1-E2F8-4C6E-91B2-43DEEBD3C3FE}.Release|x64.Build.0 = Release|x64
		{7DA0D9F1-E2F8-4C6E-91B2-43DEEBD3C3FE}.Release|x86.ActiveCfg = Release|x86
		{7DA0D9F1-E2F8-4C6E-91B2-43DEEBD3C3FE}.Release|x86.Build.0 = Release|x86
		{82169CE4-697E-4533-B6E3-29D50F6B398D}.Debug|Any CPU.ActiveCfg = Debug|Any CPU
		{82169CE4-697E-4533-B6E3-29D50F6B398D}.Debug|Any CPU.Build.0 = Debug|Any CPU
		{82169CE4-697E-4533-B6E3-29D50F6B398D}.Debug|x64.ActiveCfg = Debug|x64
		{82169CE4-697E-4533-B6E3-29D50F6B398D}.Debug|x64.Build.0 = Debug|x64
		{82169CE4-697E-4533-B6E3-29D50F6B398D}.Debug|x86.ActiveCfg = Debug|x86
		{82169CE4-697E-4533-B6E3-29D50F6B398D}.Debug|x86.Build.0 = Debug|x86
		{82169CE4-697E-4533-B6E3-29D50F6B398D}.Release|Any CPU.ActiveCfg = Release|Any CPU
		{82169CE4-697E-4533-B6E3-29D50F6B398D}.Release|Any CPU.Build.0 = Release|Any CPU
		{82169CE4-697E-4533-B6E3-29D50F6B398D}.Release|x64.ActiveCfg = Release|x64
		{82169CE4-697E-4533-B6E3-29D50F6B398D}.Release|x64.Build.0 = Release|x64
		{82169CE4-697E-4533-B6E3-29D50F6B398D}.Release|x86.ActiveCfg = Release|x86
		{82169CE4-697E-4533-B6E3-29D50F6B398D}.Release|x86.Build.0 = Release|x86
		{E9D2A235-A72A-4137-83FF-B153DB7CE069}.Debug|Any CPU.ActiveCfg = Debug|Any CPU
		{E9D2A235-A72A-4137-83FF-B153DB7CE069}.Debug|Any CPU.Build.0 = Debug|Any CPU
		{E9D2A235-A72A-4137-83FF-B153DB7CE069}.Debug|x64.ActiveCfg = Debug|x64
		{E9D2A235-A72A-4137-83FF-B153DB7CE069}.Debug|x64.Build.0 = Debug|x64
		{E9D2A235-A72A-4137-83FF-B153DB7CE069}.Debug|x86.ActiveCfg = Debug|x86
		{E9D2A235-A72A-4137-83FF-B153DB7CE069}.Debug|x86.Build.0 = Debug|x86
		{E9D2A235-A72A-4137-83FF-B153DB7CE069}.Release|Any CPU.ActiveCfg = Release|Any CPU
		{E9D2A235-A72A-4137-83FF-B153DB7CE069}.Release|Any CPU.Build.0 = Release|Any CPU
		{E9D2A235-A72A-4137-83FF-B153DB7CE069}.Release|x64.ActiveCfg = Release|x64
		{E9D2A235-A72A-4137-83FF-B153DB7CE069}.Release|x64.Build.0 = Release|x64
		{E9D2A235-A72A-4137-83FF-B153DB7CE069}.Release|x86.ActiveCfg = Release|x86
		{E9D2A235-A72A-4137-83FF-B153DB7CE069}.Release|x86.Build.0 = Release|x86
		{A6F3508F-2685-47FC-87B7-6FE3C92FDA50}.Debug|Any CPU.ActiveCfg = Debug|Any CPU
		{A6F3508F-2685-47FC-87B7-6FE3C92FDA50}.Debug|Any CPU.Build.0 = Debug|Any CPU
		{A6F3508F-2685-47FC-87B7-6FE3C92FDA50}.Debug|x64.ActiveCfg = Debug|x64
		{A6F3508F-2685-47FC-87B7-6FE3C92FDA50}.Debug|x64.Build.0 = Debug|x64
		{A6F3508F-2685-47FC-87B7-6FE3C92FDA50}.Debug|x86.ActiveCfg = Debug|x86
		{A6F3508F-2685-47FC-87B7-6FE3C92FDA50}.Debug|x86.Build.0 = Debug|x86
		{A6F3508F-2685-47FC-87B7-6FE3C92FDA50}.Release|Any CPU.ActiveCfg = Release|Any CPU
		{A6F3508F-2685-47FC-87B7-6FE3C92FDA50}.Release|Any CPU.Build.0 = Release|Any CPU
		{A6F3508F-2685-47FC-87B7-6FE3C92FDA50}.Release|x64.ActiveCfg = Release|x64
		{A6F3508F-2685-47FC-87B7-6FE3C92FDA50}.Release|x64.Build.0 = Release|x64
		{A6F3508F-2685-47FC-87B7-6FE3C92FDA50}.Release|x86.ActiveCfg = Release|x86
		{A6F3508F-2685-47FC-87B7-6FE3C92FDA50}.Release|x86.Build.0 = Release|x86
		{A933014F-7CCC-4467-A3AA-309A8AC1C344}.Debug|Any CPU.ActiveCfg = Debug|Any CPU
		{A933014F-7CCC-4467-A3AA-309A8AC1C344}.Debug|Any CPU.Build.0 = Debug|Any CPU
		{A933014F-7CCC-4467-A3AA-309A8AC1C344}.Debug|x64.ActiveCfg = Debug|x64
		{A933014F-7CCC-4467-A3AA-309A8AC1C344}.Debug|x64.Build.0 = Debug|x64
		{A933014F-7CCC-4467-A3AA-309A8AC1C344}.Debug|x86.ActiveCfg = Debug|Any CPU
		{A933014F-7CCC-4467-A3AA-309A8AC1C344}.Debug|x86.Build.0 = Debug|Any CPU
		{A933014F-7CCC-4467-A3AA-309A8AC1C344}.Release|Any CPU.ActiveCfg = Release|Any CPU
		{A933014F-7CCC-4467-A3AA-309A8AC1C344}.Release|Any CPU.Build.0 = Release|Any CPU
		{A933014F-7CCC-4467-A3AA-309A8AC1C344}.Release|x64.ActiveCfg = Release|x64
		{A933014F-7CCC-4467-A3AA-309A8AC1C344}.Release|x64.Build.0 = Release|x64
		{A933014F-7CCC-4467-A3AA-309A8AC1C344}.Release|x86.ActiveCfg = Release|Any CPU
		{A933014F-7CCC-4467-A3AA-309A8AC1C344}.Release|x86.Build.0 = Release|Any CPU
		{8937E8AB-6402-4AC3-AFFC-AC5B76813A9D}.Debug|Any CPU.ActiveCfg = Debug|Any CPU
		{8937E8AB-6402-4AC3-AFFC-AC5B76813A9D}.Debug|Any CPU.Build.0 = Debug|Any CPU
		{8937E8AB-6402-4AC3-AFFC-AC5B76813A9D}.Debug|x64.ActiveCfg = Debug|x64
		{8937E8AB-6402-4AC3-AFFC-AC5B76813A9D}.Debug|x64.Build.0 = Debug|x64
		{8937E8AB-6402-4AC3-AFFC-AC5B76813A9D}.Debug|x86.ActiveCfg = Debug|x86
		{8937E8AB-6402-4AC3-AFFC-AC5B76813A9D}.Debug|x86.Build.0 = Debug|x86
		{8937E8AB-6402-4AC3-AFFC-AC5B76813A9D}.Release|Any CPU.ActiveCfg = Release|Any CPU
		{8937E8AB-6402-4AC3-AFFC-AC5B76813A9D}.Release|Any CPU.Build.0 = Release|Any CPU
		{8937E8AB-6402-4AC3-AFFC-AC5B76813A9D}.Release|x64.ActiveCfg = Release|x64
		{8937E8AB-6402-4AC3-AFFC-AC5B76813A9D}.Release|x64.Build.0 = Release|x64
		{8937E8AB-6402-4AC3-AFFC-AC5B76813A9D}.Release|x86.ActiveCfg = Release|x86
		{8937E8AB-6402-4AC3-AFFC-AC5B76813A9D}.Release|x86.Build.0 = Release|x86
		{8891095A-E646-4107-B631-4694D58C67DE}.Debug|Any CPU.ActiveCfg = Debug|Any CPU
		{8891095A-E646-4107-B631-4694D58C67DE}.Debug|Any CPU.Build.0 = Debug|Any CPU
		{8891095A-E646-4107-B631-4694D58C67DE}.Debug|x64.ActiveCfg = Debug|x64
		{8891095A-E646-4107-B631-4694D58C67DE}.Debug|x64.Build.0 = Debug|x64
		{8891095A-E646-4107-B631-4694D58C67DE}.Debug|x86.ActiveCfg = Debug|x86
		{8891095A-E646-4107-B631-4694D58C67DE}.Debug|x86.Build.0 = Debug|x86
		{8891095A-E646-4107-B631-4694D58C67DE}.Release|Any CPU.ActiveCfg = Release|Any CPU
		{8891095A-E646-4107-B631-4694D58C67DE}.Release|Any CPU.Build.0 = Release|Any CPU
		{8891095A-E646-4107-B631-4694D58C67DE}.Release|x64.ActiveCfg = Release|x64
		{8891095A-E646-4107-B631-4694D58C67DE}.Release|x64.Build.0 = Release|x64
		{8891095A-E646-4107-B631-4694D58C67DE}.Release|x86.ActiveCfg = Release|x86
		{8891095A-E646-4107-B631-4694D58C67DE}.Release|x86.Build.0 = Release|x86
		{031AB127-CD85-448F-93AF-816119063C12}.Debug|Any CPU.ActiveCfg = Debug|Any CPU
		{031AB127-CD85-448F-93AF-816119063C12}.Debug|Any CPU.Build.0 = Debug|Any CPU
		{031AB127-CD85-448F-93AF-816119063C12}.Debug|x64.ActiveCfg = Debug|x64
		{031AB127-CD85-448F-93AF-816119063C12}.Debug|x64.Build.0 = Debug|x64
		{031AB127-CD85-448F-93AF-816119063C12}.Debug|x86.ActiveCfg = Debug|x86
		{031AB127-CD85-448F-93AF-816119063C12}.Debug|x86.Build.0 = Debug|x86
		{031AB127-CD85-448F-93AF-816119063C12}.Release|Any CPU.ActiveCfg = Release|Any CPU
		{031AB127-CD85-448F-93AF-816119063C12}.Release|Any CPU.Build.0 = Release|Any CPU
		{031AB127-CD85-448F-93AF-816119063C12}.Release|x64.ActiveCfg = Release|x64
		{031AB127-CD85-448F-93AF-816119063C12}.Release|x64.Build.0 = Release|x64
		{031AB127-CD85-448F-93AF-816119063C12}.Release|x86.ActiveCfg = Release|x86
		{031AB127-CD85-448F-93AF-816119063C12}.Release|x86.Build.0 = Release|x86
	EndGlobalSection
	GlobalSection(SolutionProperties) = preSolution
		HideSolutionNode = FALSE
	EndGlobalSection
	GlobalSection(NestedProjects) = preSolution
		{848AE203-D3B4-4E73-8EF0-1A18D88A040C} = {80CA0906-3B22-46EF-8F28-511FC0F33042}
		{14220279-9B26-4383-BF1E-A0DA31726758} = {80CA0906-3B22-46EF-8F28-511FC0F33042}
		{F47F05B0-98D9-408C-8F6B-195C036670E9} = {80CA0906-3B22-46EF-8F28-511FC0F33042}
		{6D3566F5-FD4F-46ED-9364-0ECA1433B202} = {2354A9AC-8990-40EE-B361-70314A5A7F7B}
		{EA0E65F1-7599-46A2-A0EA-7B25865CD810} = {F9AECF9C-3FEE-465A-8486-54CF47033E7E}
		{240A11B9-761C-4693-9331-67868C4730B8} = {B69FF0BB-5FAF-4C99-9D7F-4F64A6572642}
		{B3EB5954-521C-4482-91A2-49604E7AD060} = {B69FF0BB-5FAF-4C99-9D7F-4F64A6572642}
		{0711A9F3-3D23-4674-9408-3219DD781F55} = {B69FF0BB-5FAF-4C99-9D7F-4F64A6572642}
		{2C610548-379E-4BC9-B24B-9B05A8C8453C} = {1C598249-96FA-40DB-8C5B-DDDFF18B690B}
		{93E4883C-0365-485F-A9B9-C04E204AEC65} = {AFB6BB16-F9B8-4121-A436-2797E7F8E193}
		{79ED78DB-54EE-4645-BBD0-B47F484EA09F} = {2354A9AC-8990-40EE-B361-70314A5A7F7B}
		{E2125239-EEAF-4171-B20B-C3E192422C85} = {1C598249-96FA-40DB-8C5B-DDDFF18B690B}
		{837860AB-28AA-4D99-8679-37129757D049} = {B70D98A9-8962-4D2E-A953-E0F553BF47EE}
		{5C2E0347-DCB2-4B47-B2E0-4CD3E1C7537D} = {B70D98A9-8962-4D2E-A953-E0F553BF47EE}
		{7997FC7F-00B2-4043-BB70-1542D8FA9466} = {B70D98A9-8962-4D2E-A953-E0F553BF47EE}
		{EE863CA0-F533-4B4A-8AB4-D9CB6FA059D9} = {F7FCABD2-64AF-46CD-B802-1E5C87DE3C5E}
		{AF906809-40D8-4E3C-822F-2AD5989F4AE6} = {F9AECF9C-3FEE-465A-8486-54CF47033E7E}
		{F02F8DFD-C744-4C57-BF1B-FEEC7B4C8418} = {C423565D-0006-4039-9A5F-42B2D5CBD2B7}
		{E14BC097-BEC3-4799-A037-52B0DF857EE5} = {F7FCABD2-64AF-46CD-B802-1E5C87DE3C5E}
		{1E1B5ED3-C08E-4C08-B7EC-E96693656EF5} = {204486EF-1A8C-41B9-A44E-204ABA2C52D4}
		{011E7E98-189A-4152-84B1-8A07B40F39F1} = {F9AECF9C-3FEE-465A-8486-54CF47033E7E}
		{33C63F02-9BD8-4CC3-BE07-E398247CF214} = {B70D98A9-8962-4D2E-A953-E0F553BF47EE}
		{BE10ED49-5DCA-49F3-B251-B6D2651C2FA4} = {C423565D-0006-4039-9A5F-42B2D5CBD2B7}
		{433735EC-A957-4465-BE8F-283565A5EF98} = {C423565D-0006-4039-9A5F-42B2D5CBD2B7}
		{1BCD3EC6-5BC0-408F-83B7-3009208F2DBC} = {2354A9AC-8990-40EE-B361-70314A5A7F7B}
		{5F1639D0-BB9E-4BA0-9AFB-7C30E5B1E634} = {80CA0906-3B22-46EF-8F28-511FC0F33042}
		{3092E805-EA80-4A4E-A27E-83C29F62D71F} = {2354A9AC-8990-40EE-B361-70314A5A7F7B}
		{468ADEDE-6F5E-40C0-99C9-C6DAC4FAC934} = {C423565D-0006-4039-9A5F-42B2D5CBD2B7}
		{8512A231-8271-497E-9311-18F39F470A63} = {2354A9AC-8990-40EE-B361-70314A5A7F7B}
		{FF44365E-2CD4-4982-B517-DA7A9393D099} = {A7E9739D-0CFC-4791-821B-39DDC5B3C77B}
		{E5D9319F-3D45-4A15-A4C1-2104ACCC8C56} = {A7E9739D-0CFC-4791-821B-39DDC5B3C77B}
		{A7E9739D-0CFC-4791-821B-39DDC5B3C77B} = {10D6373C-7C50-4E96-8F9C-B3E514B54217}
		{23386CBC-413E-4B1C-A110-D7D3046074E9} = {10D6373C-7C50-4E96-8F9C-B3E514B54217}
		{B7E30484-7E07-45AA-AAA0-DE0F85C4EC1C} = {23386CBC-413E-4B1C-A110-D7D3046074E9}
		{43E69E27-9D9F-4EAF-AAFB-03BECF14E3AB} = {23386CBC-413E-4B1C-A110-D7D3046074E9}
		{6BAC7BBF-EEC1-4A20-98B0-BBCB6A442CC8} = {23386CBC-413E-4B1C-A110-D7D3046074E9}
		{78F8F9D7-D6F5-4A96-9DA6-287AB0AEC651} = {2354A9AC-8990-40EE-B361-70314A5A7F7B}
		{CC34C433-38A8-4092-B172-D89DB0E632BE} = {AFB6BB16-F9B8-4121-A436-2797E7F8E193}
		{9D2531FC-7A97-478B-9303-9B0A3D223551} = {AFB6BB16-F9B8-4121-A436-2797E7F8E193}
		{3E640A4B-DDB5-47D0-BED9-8187F01B1D6B} = {AFB6BB16-F9B8-4121-A436-2797E7F8E193}
		{7DA0D9F1-E2F8-4C6E-91B2-43DEEBD3C3FE} = {AFB6BB16-F9B8-4121-A436-2797E7F8E193}
		{82169CE4-697E-4533-B6E3-29D50F6B398D} = {1FCF41AC-CB70-4580-880A-DCE113278DEF}
		{E9D2A235-A72A-4137-83FF-B153DB7CE069} = {1FCF41AC-CB70-4580-880A-DCE113278DEF}
		{A6F3508F-2685-47FC-87B7-6FE3C92FDA50} = {15B4EDA8-863A-4D2D-A525-AC6C7898BAAC}
		{A933014F-7CCC-4467-A3AA-309A8AC1C344} = {15B4EDA8-863A-4D2D-A525-AC6C7898BAAC}
		{8937E8AB-6402-4AC3-AFFC-AC5B76813A9D} = {15B4EDA8-863A-4D2D-A525-AC6C7898BAAC}
		{8891095A-E646-4107-B631-4694D58C67DE} = {2354A9AC-8990-40EE-B361-70314A5A7F7B}
		{031AB127-CD85-448F-93AF-816119063C12} = {9D000ADD-DA91-4470-8D77-1D358C94465D}
	EndGlobalSection
	GlobalSection(ExtensibilityGlobals) = postSolution
		SolutionGuid = {8022979C-F5DA-48BB-A6D8-3743E923E4A1}
	EndGlobalSection
EndGlobal
